{
    "_meta": {
        "hash": {
            "sha256": "e5c128088cdb181a2fe27366012377401654176088c7f4cbc28b10dd8883652f"
        },
        "pipfile-spec": 6,
        "requires": {},
        "sources": [
            {
                "name": "pypi",
                "url": "https://pypi.org/simple",
                "verify_ssl": true
            }
        ]
    },
    "default": {
        "aniso8601": {
            "hashes": [
                "sha256:1d2b7ef82963909e93c4f24ce48d4de9e66009a21bf1c1e1c85bdd0812fe412f",
                "sha256:72e3117667eedf66951bb2d93f4296a56b94b078a8a95905a052611fb3f1b973"
            ],
            "markers": "python_version >= '3.5'",
            "version": "==9.0.1"
        },
        "asgiref": {
            "hashes": [
                "sha256:4ef1ab46b484e3c706329cedeff284a5d40824200638503f5768edb6de7d58e9",
                "sha256:ffc141aa908e6f175673e7b1b3b7af4fdb0ecb738fc5c8b88f69f055c2415214"
            ],
            "version": "==3.4.1"
        },
        "atomicwrites": {
            "hashes": [
                "sha256:6d1784dea7c0c8d4a5172b6c620f40b6e4cbfdf96d783691f2e1302a7b88e197",
                "sha256:ae70396ad1a434f9c7046fd2dd196fc04b12f9e91ffb859164193be8b6168a7a"
            ],
            "version": "==1.4.0"
        },
        "attrs": {
            "hashes": [
                "sha256:149e90d6d8ac20db7a955ad60cf0e6881a3f20d37096140088356da6c716b0b1",
                "sha256:ef6aaac3ca6cd92904cdd0d83f629a15f18053ec84e6432106f7a4d04ae4f5fb"
            ],
            "version": "==21.2.0"
        },
        "certifi": {
            "hashes": [
                "sha256:2bbf76fd432960138b3ef6dda3dde0544f27cbf8546c458e60baf371917ba9ee",
                "sha256:50b1e4f8446b06f41be7dd6338db18e0990601dce795c2b1686458aa7e8fa7d8"
            ],
            "version": "==2021.5.30"
        },
        "chardet": {
            "hashes": [
                "sha256:84ab92ed1c4d4f16916e05906b6b75a6c0fb5db821cc65e70cbd64a3e2a5eaae",
                "sha256:fc323ffcaeaed0e0a02bf4d117757b98aed530d9ed4531e3e15460124c106691"
            ],
            "version": "==3.0.4"
        },
        "click": {
            "hashes": [
                "sha256:8c04c11192119b1ef78ea049e0a6f0463e4c48ef00a30160c704337586f3ad7a",
                "sha256:fba402a4a47334742d782209a7c79bc448911afe1149d07bdabdf480b3e2f4b6"
            ],
            "version": "==8.0.1"
        },
        "colorama": {
            "hashes": [
                "sha256:5941b2b48a20143d2267e95b1c2a7603ce057ee39fd88e7329b0c292aa16869b",
                "sha256:9f47eda37229f68eee03b24b9748937c7dc3868f906e8ba69fbcbdd3bc5dc3e2"
            ],
            "markers": "platform_system == 'Windows'",
            "version": "==0.4.4"
        },
        "django": {
            "hashes": [
                "sha256:a523d62b7ab2908f551dabc32b99017a86aa7784e32b761708e52be3dce6d35d",
                "sha256:dc41bf07357f1f4810c1c555b685cb51f780b41e37892d6cc92b89789f2847e1"
            ],
            "index": "pypi",
            "version": "==3.1.12"
        },
        "elasticsearch": {
            "hashes": [
                "sha256:1a9f146b7126a7e0621085f1825b6b2d091693a714d3b16c208749762e79c2bc",
                "sha256:f928898fe06869516f2603f9a96a6f166c06888233806b31ac6568bac0266501"
            ],
            "index": "pypi",
            "version": "==7.14.1"
        },
        "flask": {
            "hashes": [
                "sha256:2271c0070dbcb5275fad4a82e29f23ab92682dc45f9dfbc22c02ba9b9322ce48",
                "sha256:a080b744b7e345ccfcbc77954861cb05b3c63786e93f2b3875e0913d44b43f05"
            ],
            "index": "pypi",
            "version": "==1.0.2"
        },
        "flask-caching": {
            "hashes": [
                "sha256:bcda8acbc7508e31e50f63e9b1ab83185b446f6b6318bd9dd1d45626fba2e903",
                "sha256:cf19b722fcebc2ba03e4ae7c55b532ed53f0cbf683ce36fafe5e881789a01c00"
            ],
            "index": "pypi",
            "version": "==1.10.1"
        },
        "flask-cors": {
            "hashes": [
                "sha256:6bcfc100288c5d1bcb1dbb854babd59beee622ffd321e444b05f24d6d58466b8",
                "sha256:cee4480aaee421ed029eaa788f4049e3e26d15b5affb6a880dade6bafad38324"
            ],
            "index": "pypi",
            "version": "==3.0.9"
        },
        "flask-restx": {
            "hashes": [
                "sha256:63c69a61999a34f1774eaccc6fc8c7f504b1aad7d56a8ec672264e52d9ac05f4",
                "sha256:96157547acaa8892adcefd8c60abf9040212ac2a8634937a82946e07b46147fd"
            ],
            "index": "pypi",
            "version": "==0.5.1"
        },
        "fuzzywuzzy": {
            "hashes": [
                "sha256:45016e92264780e58972dca1b3d939ac864b78437422beecebb3095f8efd00e8",
                "sha256:928244b28db720d1e0ee7587acf660ea49d7e4c632569cad4f1cd7e68a5f0993"
            ],
            "index": "pypi",
            "version": "==0.18.0"
        },
        "html5lib": {
            "hashes": [
                "sha256:0d78f8fde1c230e99fe37986a60526d7049ed4bf8a9fadbad5f00e22e58e041d",
                "sha256:b2e5b40261e20f354d198eae92afc10d750afb487ed5e50f9c4eaf07c184146f"
            ],
            "version": "==1.1"
        },
        "idna": {
            "hashes": [
                "sha256:c357b3f628cf53ae2c4c05627ecc484553142ca23264e593d327bcde5e9c3407",
                "sha256:ea8b7f6188e6fa117537c3df7da9fc686d485087abf6ac197f9c46432f7e4a3c"
            ],
            "version": "==2.8"
        },
        "importlib-metadata": {
            "hashes": [
                "sha256:b618b6d2d5ffa2f16add5697cf57a46c76a56229b0ed1c438322e4e95645bd15",
                "sha256:f284b3e11256ad1e5d03ab86bb2ccd6f5339688ff17a4d797a0fe7df326f23b1"
            ],
            "markers": "python_version < '3.8'",
            "version": "==4.8.1"
        },
        "isodate": {
            "hashes": [
                "sha256:2e364a3d5759479cdb2d37cce6b9376ea504db2ff90252a2e5b7cc89cc9ff2d8",
                "sha256:aa4d33c06640f5352aca96e4b81afd8ab3b47337cc12089822d6f322ac772c81"
            ],
            "version": "==0.6.0"
        },
        "itsdangerous": {
            "hashes": [
                "sha256:5174094b9637652bdb841a3029700391451bd092ba3db90600dea710ba28e97c",
                "sha256:9e724d68fc22902a1435351f84c3fb8623f303fffcc566a4cb952df8c572cff0"
            ],
            "version": "==2.0.1"
        },
        "jinja2": {
            "hashes": [
                "sha256:1f06f2da51e7b56b8f238affdd6b4e2c61e39598a378cc49345bc1bd42a978a4",
                "sha256:703f484b47a6af502e743c9122595cc812b0271f661722403114f71a79d0f5a4"
            ],
            "version": "==3.0.1"
        },
        "jsonschema": {
            "hashes": [
                "sha256:4e5b3cf8216f577bee9ce139cbe72eca3ea4f292ec60928ff24758ce626cd163",
                "sha256:c8a85b28d377cc7737e46e2d9f2b4f44ee3c0e1deac6bf46ddefc7187d30797a"
            ],
            "version": "==3.2.0"
        },
        "keepalive": {
            "hashes": [
                "sha256:3c6b96f9062a5a76022f0c9d41e9ef5552d80b1cadd4fccc1bf8f183ba1d1ec1",
                "sha256:f18cb2f4e7af9fc0119fb4d1b731af6c06bd9e12a57f54df32929dc2bcb58c82"
            ],
            "version": "==0.5"
        },
        "levenshtein": {
            "hashes": [
                "sha256:07d2a45c46bd52194fd03f65038bfff6f108f62ed72a065b0d4072dbdd4cb33d",
                "sha256:0bd66ff0524585644d5cf3d7029a1fd319d390276dd1cfb1ec5200e57b96d7c6",
                "sha256:1cbef3591b03255322bbb67007705094f49a5ef129af5ba85b2c7359df39ce8f",
                "sha256:2827e56777a9167a7cbbfa45199518d1842cd1aabfb04df0ebecfc47131b87ab",
                "sha256:2e4c6185b4f57ab773e710954928ccda370b0005272be5b7ef94c67535bfcfc1",
                "sha256:3391e3ca6e16dcd850e40585e4a9c4c3df5932cff403e1b111ab8cfb99a227ba",
                "sha256:346bf161bdf733c1088b297b0952763b483a9a3f4db417a845ee36dad9996838",
                "sha256:3746c867c7215e058a0d51df2a471d19fbe4839a66cce9794500ef0019324fda",
                "sha256:38037591470e553bddfbf45c8e97b1161ecb8c321b6938eb0b06a095c04f6847",
                "sha256:3b0bfac83b2bf2dfd18772ab3bc1b06645da812a85f4befd022bb2494616c3c0",
                "sha256:3ca472c9d2c80f908c03b6761fe6eb5c9acb982f99c68b542672eda48bae6ec4",
                "sha256:3d5f2a58c8a91598cc1d395960bf97294a97178409432b63707f0406da3cacad",
                "sha256:3f88d832e94d095cec188c1bd3d091710244ec888926dd813188f3873a71443b",
                "sha256:461aa80351d5298a4ab892e6323c558203f34089e75f06e3e58fce669c0e0ef3",
                "sha256:53a59c0fd4c936ad7bd7ad9e66f989dcfde1a4ba0ddb39ef33345e4d0bf62900",
                "sha256:54a073bbbe949232592813850b167241044d7ccf2a47184cb501e2985a7fcbb6",
                "sha256:54e4c488ac17c246c50973857f4779de635702c652740ecc45e7a387d2688707",
                "sha256:56ae9815c16f9289b1adb296e52356137567c51baa670564a4dcca55ccbae811",
                "sha256:59482631762239fd13a2c0d599b0ad0683c9ab4d5ea2c90eaff98003e1032104",
                "sha256:5a66b71b824e289a7fe61b92d32aa78adfab342d2c2a4fc09ec5448fdf352e90",
                "sha256:5d515ed4eae4cc51557126356b258701f54082fde617b8de6711bc76c1952f02",
                "sha256:645f879fb6bb8760b4c621c8f7c074f2b7b6eabe4e5f7d85c4c4239a3aa52739",
                "sha256:658f42cb2cd8836c93fb119dc2a7d907a71c27ba291b7b5e6489141b1f30d153",
                "sha256:67f26548a763f24d56d0be9adf5fefe028439acf21d805b0005997915d7e0c5f",
                "sha256:8280873276af76f05ec7911c268254c5d6535ccbede81b7ce80017427d7b3025",
                "sha256:85c38c152e9be01bd06132b7a38dcc298bf20411b803c91655ead90472278a48",
                "sha256:8be02fbdf83d8e2616deaa4dfda374e8260f814c1d43123c460052d6898d03f7",
                "sha256:8f10bafaab4c208126baf392cba87877e31eff82c9be50818ae307d0a0c5dc81",
                "sha256:90903c59c2f684db8292351c76fb39527fcbe524bda371d2f3451d325b751387",
                "sha256:909e4abc87603797de5a73a73cd385ad566b6f7628aed2aff3e5614fc50253da",
                "sha256:95b0000d0a222a011c9817e0d80efbf148f43b3c65456fa816781694cb8e051b",
                "sha256:9617004c9457c2d581e106a9c9b5c10a93a30f7d628f76862923c493070cae98",
                "sha256:99fdbb2cfe6c8a4ed0bf14bc9e9eceeb0a7d8b57b1eb80cb60cf1aef58bff706",
                "sha256:9a052d7e39b61a5a9d0d6da655452d8806e004108b500205772e7db6ea06fcaf",
                "sha256:9ae1ef09da7e929050c03eabf3a4892abeda03949fb22238d7562597be7aa05d",
                "sha256:9bea7fb9e3bc0f0f8e3fa942cd1c6c3ade3214ddbd9c2e11dbc08b1ea0e65f60",
                "sha256:9e3cfa9f387967742f2065aac682886000168524c4355ca367df47737d71da7b",
                "sha256:a0db97c4b2cf05e85f8e401c8ba7d35b945c0046b9c9aa4e40c45dde9692b65f",
                "sha256:a5d8a6860b03852e4b63ba92888ecdf2714e425aa70867400a91639a7e1aa8a2",
                "sha256:a65abace403b97e04d1bec94b904969487385386dd5fcdc01bf09eb711847e1b",
                "sha256:b338aea232dd8f5c4e749b905250843b359ab05bbc2d7d787fba058e958a2b37",
                "sha256:b64cbb9e4ee2af7a2fbdff2647727cb5e6e53cc719e5aec4f2e9c111f80de504",
                "sha256:b78d4a5d55db289c7586458d4476d918f4abf102b330104cecf68e246df5edca",
                "sha256:b8b35f1750cf47db762aaf91f60e583b7168d3def7ca6ed971c92007e0753a0a",
                "sha256:b9ab03ff537f67bc4506be27547623955a1b9c1ceb3296cedcb2c70dcda2e626",
                "sha256:bcdb596fd65c8481c3bc1b031ce54e188d806d4ddc5f439bfc63b15544dbbfd3",
                "sha256:be65815c7cffa1b854a452ffb6349a5f6ddb1328b5f5477f91a86ee4ed5a054f",
                "sha256:c48b536b238115f5ec910ab16a2807f6031df2c4079e2dfc55d17419852b501b",
                "sha256:c4cd27ee56bc1bd35cb3510bf48a2363509ceb71f6f90b6ea97da1e2f1c775bd",
                "sha256:c71a25e1446f3c23a3f906b9e204c6fc27594515ce90ff2a130732e34b6dc9aa",
                "sha256:c892fd4bfbe0aaed4f9b0839383cdfa72967ee5c90c35513e435ae4cffb2074b",
                "sha256:c98a4ea376717c92bc77055c365cb3175ea44ca267950566403f58330e31c0c2",
                "sha256:ccb9273b72ded4d91ae6b21870de1304351c889d10d8390818598cf644124091",
                "sha256:dd5e4e83f46a065403f925bd3bd93f68859c6025731a4e993b4cb0d9b921d0d7",
                "sha256:df17eb48ee9ab7e4c4b669868bbe14ff60243ab69f6d140959008cacc0979da6",
                "sha256:e972f11e0ba4a0b2b588a076c0befb1db0f73cfb00d887662f73c53e1522188b",
                "sha256:edc0ea2c2f4c113e1241ddb6b6135d4cc9fbfb9851c202fe50aa31b1ceb026db",
                "sha256:ef04909e81707b9a2391728435d6462cf6814a04e1be49e4537e74c98e6d5b0a",
                "sha256:f2a2d8e6c7950d0b30b392fb852ee46317d029bb631091a66312b011af0cb43e",
                "sha256:f2f308aff0fa5ac2195964d19165d098f449dd23e5c97ce139c25263abaaeee0",
                "sha256:f45efbf3bc7e526d6aa69d70751e0ee9f5facdd6363b10ead6b4634d77ab460a"
            ],
            "index": "pypi",
            "version": "==0.15.0"
        },
        "lxml": {
            "hashes": [
                "sha256:079f3ae844f38982d156efce585bc540c16a926d4436712cf4baee0cce487a3d",
                "sha256:0fbcf5565ac01dff87cbfc0ff323515c823081c5777a9fc7703ff58388c258c3",
                "sha256:122fba10466c7bd4178b07dba427aa516286b846b2cbd6f6169141917283aae2",
                "sha256:1b38116b6e628118dea5b2186ee6820ab138dbb1e24a13e478490c7db2f326ae",
                "sha256:1b7584d421d254ab86d4f0b13ec662a9014397678a7c4265a02a6d7c2b18a75f",
                "sha256:26e761ab5b07adf5f555ee82fb4bfc35bf93750499c6c7614bd64d12aaa67927",
                "sha256:289e9ca1a9287f08daaf796d96e06cb2bc2958891d7911ac7cae1c5f9e1e0ee3",
                "sha256:2a9d50e69aac3ebee695424f7dbd7b8c6d6eb7de2a2eb6b0f6c7db6aa41e02b7",
                "sha256:3082c518be8e97324390614dacd041bb1358c882d77108ca1957ba47738d9d59",
                "sha256:33bb934a044cf32157c12bfcfbb6649807da20aa92c062ef51903415c704704f",
                "sha256:3439c71103ef0e904ea0a1901611863e51f50b5cd5e8654a151740fde5e1cade",
                "sha256:36108c73739985979bf302006527cf8a20515ce444ba916281d1c43938b8bb96",
                "sha256:39b78571b3b30645ac77b95f7c69d1bffc4cf8c3b157c435a34da72e78c82468",
                "sha256:4289728b5e2000a4ad4ab8da6e1db2e093c63c08bdc0414799ee776a3f78da4b",
                "sha256:4bff24dfeea62f2e56f5bab929b4428ae6caba2d1eea0c2d6eb618e30a71e6d4",
                "sha256:4c61b3a0db43a1607d6264166b230438f85bfed02e8cff20c22e564d0faff354",
                "sha256:542d454665a3e277f76954418124d67516c5f88e51a900365ed54a9806122b83",
                "sha256:5a0a14e264069c03e46f926be0d8919f4105c1623d620e7ec0e612a2e9bf1c04",
                "sha256:5c8c163396cc0df3fd151b927e74f6e4acd67160d6c33304e805b84293351d16",
                "sha256:64812391546a18896adaa86c77c59a4998f33c24788cadc35789e55b727a37f4",
                "sha256:66e575c62792c3f9ca47cb8b6fab9e35bab91360c783d1606f758761810c9791",
                "sha256:6f12e1427285008fd32a6025e38e977d44d6382cf28e7201ed10d6c1698d2a9a",
                "sha256:74f7d8d439b18fa4c385f3f5dfd11144bb87c1da034a466c5b5577d23a1d9b51",
                "sha256:7610b8c31688f0b1be0ef882889817939490a36d0ee880ea562a4e1399c447a1",
                "sha256:76fa7b1362d19f8fbd3e75fe2fb7c79359b0af8747e6f7141c338f0bee2f871a",
                "sha256:7728e05c35412ba36d3e9795ae8995e3c86958179c9770e65558ec3fdfd3724f",
                "sha256:8157dadbb09a34a6bd95a50690595e1fa0af1a99445e2744110e3dca7831c4ee",
                "sha256:820628b7b3135403540202e60551e741f9b6d3304371712521be939470b454ec",
                "sha256:884ab9b29feaca361f7f88d811b1eea9bfca36cf3da27768d28ad45c3ee6f969",
                "sha256:89b8b22a5ff72d89d48d0e62abb14340d9e99fd637d046c27b8b257a01ffbe28",
                "sha256:92e821e43ad382332eade6812e298dc9701c75fe289f2a2d39c7960b43d1e92a",
                "sha256:b007cbb845b28db4fb8b6a5cdcbf65bacb16a8bd328b53cbc0698688a68e1caa",
                "sha256:bc4313cbeb0e7a416a488d72f9680fffffc645f8a838bd2193809881c67dd106",
                "sha256:bccbfc27563652de7dc9bdc595cb25e90b59c5f8e23e806ed0fd623755b6565d",
                "sha256:c1a40c06fd5ba37ad39caa0b3144eb3772e813b5fb5b084198a985431c2f1e8d",
                "sha256:c47ff7e0a36d4efac9fd692cfa33fbd0636674c102e9e8d9b26e1b93a94e7617",
                "sha256:c4f05c5a7c49d2fb70223d0d5bcfbe474cf928310ac9fa6a7c6dddc831d0b1d4",
                "sha256:cdaf11d2bd275bf391b5308f86731e5194a21af45fbaaaf1d9e8147b9160ea92",
                "sha256:ce256aaa50f6cc9a649c51be3cd4ff142d67295bfc4f490c9134d0f9f6d58ef0",
                "sha256:d2e35d7bf1c1ac8c538f88d26b396e73dd81440d59c1ef8522e1ea77b345ede4",
                "sha256:d916d31fd85b2f78c76400d625076d9124de3e4bda8b016d25a050cc7d603f24",
                "sha256:df7c53783a46febb0e70f6b05df2ba104610f2fb0d27023409734a3ecbb78fb2",
                "sha256:e1cbd3f19a61e27e011e02f9600837b921ac661f0c40560eefb366e4e4fb275e",
                "sha256:efac139c3f0bf4f0939f9375af4b02c5ad83a622de52d6dfa8e438e8e01d0eb0",
                "sha256:efd7a09678fd8b53117f6bae4fa3825e0a22b03ef0a932e070c0bdbb3a35e654",
                "sha256:f2380a6376dfa090227b663f9678150ef27543483055cc327555fb592c5967e2",
                "sha256:f8380c03e45cf09f8557bdaa41e1fa7c81f3ae22828e1db470ab2a6c96d8bc23",
                "sha256:f90ba11136bfdd25cae3951af8da2e95121c9b9b93727b1b896e3fa105b2f586"
            ],
            "index": "pypi",
            "version": "==4.6.3"
        },
        "markupsafe": {
            "hashes": [
                "sha256:01a9b8ea66f1658938f65b93a85ebe8bc016e6769611be228d797c9d998dd298",
                "sha256:023cb26ec21ece8dc3907c0e8320058b2e0cb3c55cf9564da612bc325bed5e64",
                "sha256:0446679737af14f45767963a1a9ef7620189912317d095f2d9ffa183a4d25d2b",
                "sha256:0717a7390a68be14b8c793ba258e075c6f4ca819f15edfc2a3a027c823718567",
                "sha256:0955295dd5eec6cb6cc2fe1698f4c6d84af2e92de33fbcac4111913cd100a6ff",
                "sha256:0d4b31cc67ab36e3392bbf3862cfbadac3db12bdd8b02a2731f509ed5b829724",
                "sha256:10f82115e21dc0dfec9ab5c0223652f7197feb168c940f3ef61563fc2d6beb74",
                "sha256:168cd0a3642de83558a5153c8bd34f175a9a6e7f6dc6384b9655d2697312a646",
                "sha256:1d609f577dc6e1aa17d746f8bd3c31aa4d258f4070d61b2aa5c4166c1539de35",
                "sha256:1f2ade76b9903f39aa442b4aadd2177decb66525062db244b35d71d0ee8599b6",
                "sha256:2a7d351cbd8cfeb19ca00de495e224dea7e7d919659c2841bbb7f420ad03e2d6",
                "sha256:2d7d807855b419fc2ed3e631034685db6079889a1f01d5d9dac950f764da3dad",
                "sha256:2ef54abee730b502252bcdf31b10dacb0a416229b72c18b19e24a4509f273d26",
                "sha256:36bc903cbb393720fad60fc28c10de6acf10dc6cc883f3e24ee4012371399a38",
                "sha256:37205cac2a79194e3750b0af2a5720d95f786a55ce7df90c3af697bfa100eaac",
                "sha256:3c112550557578c26af18a1ccc9e090bfe03832ae994343cfdacd287db6a6ae7",
                "sha256:3dd007d54ee88b46be476e293f48c85048603f5f516008bee124ddd891398ed6",
                "sha256:47ab1e7b91c098ab893b828deafa1203de86d0bc6ab587b160f78fe6c4011f75",
                "sha256:49e3ceeabbfb9d66c3aef5af3a60cc43b85c33df25ce03d0031a608b0a8b2e3f",
                "sha256:4efca8f86c54b22348a5467704e3fec767b2db12fc39c6d963168ab1d3fc9135",
                "sha256:53edb4da6925ad13c07b6d26c2a852bd81e364f95301c66e930ab2aef5b5ddd8",
                "sha256:5855f8438a7d1d458206a2466bf82b0f104a3724bf96a1c781ab731e4201731a",
                "sha256:594c67807fb16238b30c44bdf74f36c02cdf22d1c8cda91ef8a0ed8dabf5620a",
                "sha256:5bb28c636d87e840583ee3adeb78172efc47c8b26127267f54a9c0ec251d41a9",
                "sha256:60bf42e36abfaf9aff1f50f52644b336d4f0a3fd6d8a60ca0d054ac9f713a864",
                "sha256:611d1ad9a4288cf3e3c16014564df047fe08410e628f89805e475368bd304914",
                "sha256:6557b31b5e2c9ddf0de32a691f2312a32f77cd7681d8af66c2692efdbef84c18",
                "sha256:693ce3f9e70a6cf7d2fb9e6c9d8b204b6b39897a2c4a1aa65728d5ac97dcc1d8",
                "sha256:6a7fae0dd14cf60ad5ff42baa2e95727c3d81ded453457771d02b7d2b3f9c0c2",
                "sha256:6c4ca60fa24e85fe25b912b01e62cb969d69a23a5d5867682dd3e80b5b02581d",
                "sha256:6fcf051089389abe060c9cd7caa212c707e58153afa2c649f00346ce6d260f1b",
                "sha256:7d91275b0245b1da4d4cfa07e0faedd5b0812efc15b702576d103293e252af1b",
                "sha256:905fec760bd2fa1388bb5b489ee8ee5f7291d692638ea5f67982d968366bef9f",
                "sha256:97383d78eb34da7e1fa37dd273c20ad4320929af65d156e35a5e2d89566d9dfb",
                "sha256:984d76483eb32f1bcb536dc27e4ad56bba4baa70be32fa87152832cdd9db0833",
                "sha256:99df47edb6bda1249d3e80fdabb1dab8c08ef3975f69aed437cb69d0a5de1e28",
                "sha256:a30e67a65b53ea0a5e62fe23682cfe22712e01f453b95233b25502f7c61cb415",
                "sha256:ab3ef638ace319fa26553db0624c4699e31a28bb2a835c5faca8f8acf6a5a902",
                "sha256:add36cb2dbb8b736611303cd3bfcee00afd96471b09cda130da3581cbdc56a6d",
                "sha256:b2f4bf27480f5e5e8ce285a8c8fd176c0b03e93dcc6646477d4630e83440c6a9",
                "sha256:b7f2d075102dc8c794cbde1947378051c4e5180d52d276987b8d28a3bd58c17d",
                "sha256:baa1a4e8f868845af802979fcdbf0bb11f94f1cb7ced4c4b8a351bb60d108145",
                "sha256:be98f628055368795d818ebf93da628541e10b75b41c559fdf36d104c5787066",
                "sha256:bf5d821ffabf0ef3533c39c518f3357b171a1651c1ff6827325e4489b0e46c3c",
                "sha256:c47adbc92fc1bb2b3274c4b3a43ae0e4573d9fbff4f54cd484555edbf030baf1",
                "sha256:d7f9850398e85aba693bb640262d3611788b1f29a79f0c93c565694658f4071f",
                "sha256:d8446c54dc28c01e5a2dbac5a25f071f6653e6e40f3a8818e8b45d790fe6ef53",
                "sha256:e0f138900af21926a02425cf736db95be9f4af72ba1bb21453432a07f6082134",
                "sha256:e9936f0b261d4df76ad22f8fee3ae83b60d7c3e871292cd42f40b81b70afae85",
                "sha256:f5653a225f31e113b152e56f154ccbe59eeb1c7487b39b9d9f9cdb58e6c79dc5",
                "sha256:f826e31d18b516f653fe296d967d700fddad5901ae07c622bb3705955e1faa94",
                "sha256:f8ba0e8349a38d3001fae7eadded3f6606f0da5d748ee53cc1dab1d6527b9509",
                "sha256:f9081981fe268bd86831e5c75f7de206ef275defcb82bc70740ae6dc507aee51",
                "sha256:fa130dd50c57d53368c9d59395cb5526eda596d3ffe36666cd81a44d56e48872"
            ],
            "version": "==2.0.1"
        },
        "mockito": {
            "hashes": [
                "sha256:142f5e8865a422ad2d67b9c67a382e3296e8f1633dbccd0e322180fba7d5303d"
            ],
            "index": "pypi",
            "version": "==1.1.1"
        },
        "more-itertools": {
            "hashes": [
                "sha256:1debcabeb1df793814859d64a81ad7cb10504c24349368ccf214c664c474f41f",
                "sha256:56ddac45541718ba332db05f464bebfb0768110111affd27f66e0051f276fa43"
            ],
            "markers": "python_version > '2.7'",
            "version": "==8.10.0"
        },
        "numpy": {
            "hashes": [
                "sha256:09858463db6dd9f78b2a1a05c93f3b33d4f65975771e90d2cf7aadb7c2f66edf",
                "sha256:209666ce9d4a817e8a4597cd475b71b4878a85fa4b8db41d79fdb4fdee01dde2",
                "sha256:298156f4d3d46815eaf0fcf0a03f9625fc7631692bd1ad851517ab93c3168fc6",
                "sha256:30fc68307c0155d2a75ad19844224be0f2c6f06572d958db4e2053f816b859ad",
                "sha256:423216d8afc5923b15df86037c6053bf030d15cc9e3224206ef868c2d63dd6dc",
                "sha256:426a00b68b0d21f2deb2ace3c6d677e611ad5a612d2c76494e24a562a930c254",
                "sha256:466e682264b14982012887e90346d33435c984b7fead7b85e634903795c8fdb0",
                "sha256:51a7b9db0a2941434cd930dacaafe0fc9da8f3d6157f9d12f761bbde93f46218",
                "sha256:52a664323273c08f3b473548bf87c8145b7513afd63e4ebba8496ecd3853df13",
                "sha256:550564024dc5ceee9421a86fc0fb378aa9d222d4d0f858f6669eff7410c89bef",
                "sha256:5de64950137f3a50b76ce93556db392e8f1f954c2d8207f78a92d1f79aa9f737",
                "sha256:640c1ccfd56724f2955c237b6ccce2e5b8607c3bc1cc51d3933b8c48d1da3723",
                "sha256:7fdc7689daf3b845934d67cb221ba8d250fdca20ac0334fea32f7091b93f00d3",
                "sha256:805459ad8baaf815883d0d6f86e45b3b0b67d823a8f3fa39b1ed9c45eaf5edf1",
                "sha256:92a0ab128b07799dd5b9077a9af075a63467d03ebac6f8a93e6440abfea4120d",
                "sha256:9f2dc79c093f6c5113718d3d90c283f11463d77daa4e83aeeac088ec6a0bda52",
                "sha256:a5109345f5ce7ddb3840f5970de71c34a0ff7fceb133c9441283bb8250f532a3",
                "sha256:a55e4d81c4260386f71d22294795c87609164e22b28ba0d435850fbdf82fc0c5",
                "sha256:a9da45b748caad72ea4a4ed57e9cd382089f33c5ec330a804eb420a496fa760f",
                "sha256:b160b9a99ecc6559d9e6d461b95c8eec21461b332f80267ad2c10394b9503496",
                "sha256:b342064e647d099ca765f19672696ad50c953cac95b566af1492fd142283580f",
                "sha256:b5e8590b9245803c849e09bae070a8e1ff444f45e3f0bed558dd722119eea724",
                "sha256:bf75d5825ef47aa51d669b03ce635ecb84d69311e05eccea083f31c7570c9931",
                "sha256:c01b59b33c7c3ba90744f2c695be571a3bd40ab2ba7f3d169ffa6db3cfba614f",
                "sha256:d96a6a7d74af56feb11e9a443150216578ea07b7450f7c05df40eec90af7f4a7",
                "sha256:dd0e3651d210068d13e18503d75aaa45656eef51ef0b261f891788589db2cc38",
                "sha256:e167b9805de54367dcb2043519382be541117503ce99e3291cc9b41ca0a83557",
                "sha256:e42029e184008a5fd3d819323345e25e2337b0ac7f5c135b7623308530209d57",
                "sha256:f545c082eeb09ae678dd451a1b1dbf17babd8a0d7adea02897a76e639afca310",
                "sha256:fde50062d67d805bc96f1a9ecc0d37bfc2a8f02b937d2c50824d186aa91f2419"
            ],
            "version": "==1.21.2"
        },
        "ontospy": {
            "hashes": [
                "sha256:2242ff9ada541ee56ef9a74e9d4de2dbdcb9e0fa4d18f5155c52531f9951daf2",
                "sha256:cfb7c101bc8919955f90384db97291374cbb1b6d59ef193b62effa45cc55f4d3"
            ],
            "index": "pypi",
            "version": "==1.9.8.3"
        },
        "pluggy": {
            "hashes": [
                "sha256:4224373bacce55f955a878bf9cfa763c1e360858e330072059e10bad68531159",
                "sha256:74134bbf457f031a36d68416e1509f34bd5ccc019f0bcc952c7b909d06b37bd3"
            ],
            "version": "==1.0.0"
        },
        "py": {
            "hashes": [
                "sha256:21b81bda15b66ef5e1a777a21c4dcd9c20ad3efd0b3f817e7a809035269e1bd3",
                "sha256:3b80836aa6d1feeaa108e046da6423ab8f6ceda6468545ae8d02d9d58d18818a"
            ],
            "version": "==1.10.0"
        },
        "pyfiglet": {
            "hashes": [
                "sha256:c6c2321755d09267b438ec7b936825a4910fec696292139e664ca8670e103639",
                "sha256:d555bcea17fbeaf70eaefa48bb119352487e629c9b56f30f383e2c62dd67a01c"
            ],
            "version": "==0.8.post1"
        },
        "pygments": {
            "hashes": [
                "sha256:b8e67fe6af78f492b3c4b3e2970c0624cbf08beb1e493b2c99b9fa1b67a20380",
                "sha256:f398865f7eb6874156579fdf36bc840a03cab64d1cde9e93d68f46a425ec52c6"
            ],
            "index": "pypi",
            "version": "==2.10.0"
        },
        "pyparsing": {
            "hashes": [
                "sha256:c203ec8783bf771a155b207279b9bccb8dea02d8f0c9e5f8ead507bc3246ecc1",
                "sha256:ef9d7589ef3c200abe66653d3f1ab1033c3c419ae9b9bdb1240a85b024efc88b"
            ],
            "version": "==2.4.7"
        },
        "pyrsistent": {
            "hashes": [
                "sha256:097b96f129dd36a8c9e33594e7ebb151b1515eb52cceb08474c10a5479e799f2",
                "sha256:2aaf19dc8ce517a8653746d98e962ef480ff34b6bc563fc067be6401ffb457c7",
                "sha256:404e1f1d254d314d55adb8d87f4f465c8693d6f902f67eb6ef5b4526dc58e6ea",
                "sha256:48578680353f41dca1ca3dc48629fb77dfc745128b56fc01096b2530c13fd426",
                "sha256:4916c10896721e472ee12c95cdc2891ce5890898d2f9907b1b4ae0f53588b710",
                "sha256:527be2bfa8dc80f6f8ddd65242ba476a6c4fb4e3aedbf281dfbac1b1ed4165b1",
                "sha256:58a70d93fb79dc585b21f9d72487b929a6fe58da0754fa4cb9f279bb92369396",
                "sha256:5e4395bbf841693eaebaa5bb5c8f5cdbb1d139e07c975c682ec4e4f8126e03d2",
                "sha256:6b5eed00e597b5b5773b4ca30bd48a5774ef1e96f2a45d105db5b4ebb4bca680",
                "sha256:73ff61b1411e3fb0ba144b8f08d6749749775fe89688093e1efef9839d2dcc35",
                "sha256:772e94c2c6864f2cd2ffbe58bb3bdefbe2a32afa0acb1a77e472aac831f83427",
                "sha256:773c781216f8c2900b42a7b638d5b517bb134ae1acbebe4d1e8f1f41ea60eb4b",
                "sha256:a0c772d791c38bbc77be659af29bb14c38ced151433592e326361610250c605b",
                "sha256:b29b869cf58412ca5738d23691e96d8aff535e17390128a1a52717c9a109da4f",
                "sha256:c1a9ff320fa699337e05edcaae79ef8c2880b52720bc031b219e5b5008ebbdef",
                "sha256:cd3caef37a415fd0dae6148a1b6957a8c5f275a62cca02e18474608cb263640c",
                "sha256:d5ec194c9c573aafaceebf05fc400656722793dac57f254cd4741f3c27ae57b4",
                "sha256:da6e5e818d18459fa46fac0a4a4e543507fe1110e808101277c5a2b5bab0cd2d",
                "sha256:e79d94ca58fcafef6395f6352383fa1a76922268fa02caa2272fff501c2fdc78",
                "sha256:f3ef98d7b76da5eb19c37fda834d50262ff9167c65658d1d8f974d2e4d90676b",
                "sha256:f4c8cabb46ff8e5d61f56a037974228e978f26bfefce4f61a4b1ac0ba7a2ab72"
            ],
            "version": "==0.18.0"
        },
        "pytest": {
            "hashes": [
                "sha256:067a1d4bf827ffdd56ad21bd46674703fce77c5957f6c1eef731f6146bfcef1c",
                "sha256:9687049d53695ad45cf5fdc7bbd51f0c49f1ea3ecfc4b7f3fde7501b541f17f4"
            ],
            "index": "pypi",
            "version": "==4.3.0"
        },
        "python-levenshtein": {
            "hashes": [
                "sha256:dc2395fbd148a1ab31090dd113c366695934b9e85fe5a4b2a032745efd0346f6"
            ],
            "index": "pypi",
            "version": "==0.12.2"
        },
        "pytz": {
            "hashes": [
                "sha256:83a4a90894bf38e243cf052c8b58f381bfe9a7a483f6a9cab140bc7f702ac4da",
                "sha256:eb10ce3e7736052ed3623d49975ce333bcd712c7bb19a58b9e2089d4057d0798"
            ],
            "version": "==2021.1"
        },
        "rapidfuzz": {
            "hashes": [
                "sha256:0409555bec275c1638b7f490b15ecc9ae29bc4147608916fc390c4fb0758af06",
                "sha256:074162713b9ee2b26d0b9fd34819c86eb7c393343b821f4ec36784526f4ae9d6",
                "sha256:095686df7805e04dc51c18e210bdbba91e0a5f86361919fb48cfe0524c78a65c",
                "sha256:0b99b9e5e3c2f7f3902b963ee575bdbe759c4b03f52ad54c416dfa7e38021098",
                "sha256:12a3b454fd58325c854fd3255b77f6d2d590048655346a4f82ff715b5beeba21",
                "sha256:152cb9f7de7fb0ea9622590d6ed9d243814ba2151d9b9ce2ca8bf4c5e2dac453",
                "sha256:16392d047d80c5946b44450ef8340568fc131a1fa7535b389fa56b066ef8dbbf",
                "sha256:2129111c922fc7d8bacdde4b9916cbd7d5b23fb1fe29b1e8231dd2d8f0dce99c",
                "sha256:279a3b793468a784478cf5d3f8f5e08664326ea2a3bf54ede0d6d86548ebfb85",
                "sha256:28a6fdb0e13ce115563ffae61588fb4d1cda26f241cc8e3228a3fc3ff864dbab",
                "sha256:36126e23c6f671363bd09d6cd7c7f0c85f4f2553ecccbbd6dda199cc9e5cd18e",
                "sha256:42599e89faed105c326d3abb23cd6983be62a54448c192f0682d534aa5ceea5e",
                "sha256:47ecf6c5b8cb7d2b649b75bfbb3452b1df4834ea96490c8f44da28911fe3d980",
                "sha256:49e2bcd499fe88bdabf0aea341c892a418ace7fef6a30429c87812db7a64b9dd",
                "sha256:4ad4c291e2c7cf2bbbf4b3320e3460d395aafe2df0af4ceff497c59fb096290e",
                "sha256:4d72167e3c2217ef2dba7a159928bec799bcbe9ec38cff01d42305e8bd93085d",
                "sha256:4da66f5fbbd0dd0e75f97f6f19a8019092215fb96295823c594735e8ec3340a1",
                "sha256:5050423f9464018e07eb4c6f85d861d14197ffe77c40688907518cdb691f95ad",
                "sha256:5234ad4defe2b21f332101c7dc7de7c62492165e44e402cbc770528421e15c1f",
                "sha256:586752383b7e812efea3c2d89d17a160a254b0818c028cc378d24c35d7e7cc15",
                "sha256:63051eb2b3645af39507e5825860e441563e9fbfcb7a147b3fa2bb3a2a25e961",
                "sha256:6465f62230c96e2a835c5b5bb5fd776a8f8518bfb1ee9d7bb9f8947e688a1468",
                "sha256:64917b19546687f735f5333fcaefc241af7b2c69140e0c0408db53c23e3d61ae",
                "sha256:6930aac3df87acf6191bff2a9601100c92ea2d3ebf522f0cf6bb3311ceb261e8",
                "sha256:713a9d54a2b8aa2e0bb7c6d419a74298cdd00b76d744ba18b55bcecf18a09516",
                "sha256:7a9a2085f110d0a120a2488f10dc4eb2b8eb75a1f5ba891bd95a06dd93ff9fd4",
                "sha256:8c8a0a788bb09fc6276c638709b3d16150e29f09357de3a91e5597aa26b8af4b",
                "sha256:9465fb50c3d45497b814ac7db8c4588e62ddeadaa5a8f3bf0136ffa986d60417",
                "sha256:94946fc146291cd2e69248417a930c70a112286f4f96288e29d613364f0ce71c",
                "sha256:977040b96db491c78277421d702693a7b842fb50ac0fd510c22ecb6d77894315",
                "sha256:9819146b086db72813a3f79f74385dfd2dca45d5947de1cd9f83929c66c53fe7",
                "sha256:9cd3c6531ce9473b25c89c0b7b5207a656e5a23c396cf73cccbfca978952dbf7",
                "sha256:a338941797d6583633a965b96a43fe3a55e1fbff8820caa0442a42acde4d9443",
                "sha256:a8d7dfac7db10366c4ecb8c16f24c6c5656bd09695b053b922c274072e2f4c6e",
                "sha256:b208e90ac956cdd309901a98ca2a9ba0fd1d693768a7b7a49390477f3ac119ce",
                "sha256:b222a948ae551d8a59b085d659c4040bd2248f0268e178d072714e113ccf8080",
                "sha256:b49a5ba6336e300fada8d32f840751f0a20f486fc996beaa6ad1b17377a1a7e9",
                "sha256:b8a25b999db5262b9dcfbdd92a5de5437e10ade0d97e99b72e01a2499ddb18b7",
                "sha256:bcbaf39015baa9f1748f15e16188311c5b9706d3a2e72145d1c6f1620df81279",
                "sha256:bddeecf86cd44e0a826f174fdd139b023f62864704d6b14090dfc38eb527a29d",
                "sha256:c77d00ccea730a9357d2e1d2672476c1d93ce86870aa0b1ec84efc7d9986d65f",
                "sha256:cca21916c4f192ab277a583ebb8854b87c7be0cc982486cf384a39b20fa12158",
                "sha256:cda6c29143a8cafc9c96bdf7fa5e70cfe3cf43953b1ce82fb82303d8c90602ae",
                "sha256:d115f332dd95afc3003c636e8d1e8c091c7fafbb5d391110563869f4b225647f",
                "sha256:d57f312219a3efe3542ed83f856201bd5fb7b90ffd813c08fbc8ec525220808a",
                "sha256:e5f9d479cebb0b4e8b3148fff6e22bc9d25a4656e84f7c0d6020720804b2efc4",
                "sha256:e83adf409d504df3bbefb32970a39f8e9f52fcd088c709784c17869ad5d79631",
                "sha256:e84863f5fe1c22845830b2c710e62ea9d163f915f421352ac27b4a6cbcd2164e",
                "sha256:e92792833db73add7098a1d26d55430eb5f4d6201ee276ee8a59d8be89458e8d",
                "sha256:eefdb2a48c167d62a3cd75dc4cce2c5ac0ad11e99de7660e911ef1a690be8d66",
                "sha256:f28f011e934412532d70aded38f96fb7a49a761ffe28c7e8f6037a8d5076bca3",
                "sha256:f4888908ddfdad765d9bd9510ace98ec095c2b5869a243b2268948eb70d3f28f",
                "sha256:fd4b439639846d8813a1b9068c9101c89269b3519c930c54ad54080c15714926"
            ],
            "version": "==1.6.2"
        },
        "rdflib": {
            "hashes": [
                "sha256:58d5994610105a457cff7fdfe3d683d87786c5028a45ae032982498a7e913d6f",
                "sha256:da1df14552555c5c7715d8ce71c08f404c988c58a1ecd38552d0da4fc261280d"
            ],
            "index": "pypi",
            "version": "==4.2.2"
        },
        "rdflib-jsonld": {
            "hashes": [
                "sha256:144774786a2fc7de09b24a9309cbcccc78bc48b152536d2ea1c1df2ad715bc2d"
            ],
            "index": "pypi",
            "version": "==0.4.0"
        },
        "requests": {
            "hashes": [
                "sha256:502a824f31acdacb3a35b6690b5fbf0bc41d63a24a45c4004352b0242707598e",
                "sha256:7bf2a778576d825600030a110f3c0e3e8edc51dfaafe1c146e39a2027784957b"
            ],
            "index": "pypi",
            "version": "==2.21.0"
        },
        "six": {
            "hashes": [
                "sha256:1e61c37477a1626458e36f7b1d82aa5c9b094fa4802892072e49de9c60c4c926",
                "sha256:8abb2f1d86890a2dfb989f9a77cfcfd3e47c2a354b01111771326f8aa26e0254"
            ],
            "version": "==1.16.0"
        },
        "sparqlwrapper": {
            "hashes": [
                "sha256:357ee8a27bc910ea13d77836dbddd0b914991495b8cc1bf70676578155e962a8",
                "sha256:c7f9c9d8ebb13428771bc3b6dee54197422507dcc3dea34e30d5dcfc53478dec",
                "sha256:d6a66b5b8cda141660e07aeb00472db077a98d22cb588c973209c7336850fb3c"
            ],
            "version": "==1.8.5"
        },
        "sqlparse": {
            "hashes": [
                "sha256:0c00730c74263a94e5a9919ade150dfc3b19c574389985446148402998287dae",
                "sha256:48719e356bb8b42991bdbb1e8b83223757b93789c00910a616a071910ca4a64d"
            ],
            "version": "==0.4.2"
        },
        "typing-extensions": {
            "hashes": [
                "sha256:49f75d16ff11f1cd258e1b988ccff82a3ca5570217d7ad8c5f48205dd99a677e",
                "sha256:d8226d10bc02a29bcc81df19a26e56a9647f8b0a6d4a83924139f4a8b01f17b7",
                "sha256:f1d25edafde516b146ecd0613dabcc61409817af4766fbbcfb8d1ad4ec441a34"
            ],
            "markers": "python_version < '3.8'",
            "version": "==3.10.0.2"
        },
        "urllib3": {
            "hashes": [
                "sha256:2393a695cd12afedd0dcb26fe5d50d0cf248e5a66f75dbd89a3d4eb333a61af4",
                "sha256:a637e5fae88995b256e3409dc4d52c2e2e0ba32c42a6365fee8bbd2238de3cfb"
            ],
            "version": "==1.24.3"
        },
        "webencodings": {
            "hashes": [
                "sha256:a0af1213f3c2226497a97e2b3aa01a7e4bee4f403f95be16fc9acd2947514a78",
                "sha256:b36a1c245f2d304965eb4e0a82848379241dc04b865afcc4aab16748587e1923"
            ],
            "version": "==0.5.1"
        },
        "werkzeug": {
            "hashes": [
                "sha256:1de1db30d010ff1af14a009224ec49ab2329ad2cde454c8a708130642d579c42",
                "sha256:6c1ec500dcdba0baa27600f6a22f6333d8b662d22027ff9f6202e3367413caa8"
            ],
            "version": "==2.0.1"
        },
        "xmltodict": {
            "hashes": [
                "sha256:50d8c638ed7ecb88d90561beedbf720c9b4e851a9fa6c47ebd64e99d166d8a21",
                "sha256:8bbcb45cc982f48b2ca8fe7e7827c5d792f217ecf1792626f808bf41c3b86051"
            ],
            "index": "pypi",
            "version": "==0.12.0"
        },
        "zipp": {
            "hashes": [
                "sha256:957cfda87797e389580cb8b9e3870841ca991e2125350677b2ca83a0e99390a3",
                "sha256:f5812b1e007e48cff63449a5e9f4e7ebea716b4111f9c4f9a645f91d579bf0c4"
            ],
            "version": "==3.5.0"
        }
    },
    "develop": {}
}
